// !$*UTF8*$!
{
	archiveVersion = 1;
	classes = {
	};
	objectVersion = 50;
	objects = {

/* Begin PBXBuildFile section */
		0820799C22D5A4360055659C /* SDL2_image.framework in Frameworks */ = {isa = PBXBuildFile; fileRef = 0820799B22D5A4360055659C /* SDL2_image.framework */; };
		083F2D7422D5867700FEC2FF /* main.cpp in Sources */ = {isa = PBXBuildFile; fileRef = 083F2D7322D5867700FEC2FF /* main.cpp */; };
		083F2D7E22D588C100FEC2FF /* Cocoa.framework in Frameworks */ = {isa = PBXBuildFile; fileRef = 083F2D7D22D588C100FEC2FF /* Cocoa.framework */; };
		083F2D7F22D588DC00FEC2FF /* SDL2.framework in Frameworks */ = {isa = PBXBuildFile; fileRef = 083F2D7B22D5887000FEC2FF /* SDL2.framework */; };
		08FD952F22E17DAB00F774A3 /* SDL2_ttf.framework in Frameworks */ = {isa = PBXBuildFile; fileRef = 08FD952E22E17DAB00F774A3 /* SDL2_ttf.framework */; };
/* End PBXBuildFile section */

/* Begin PBXCopyFilesBuildPhase section */
		083F2D6E22D5867700FEC2FF /* CopyFiles */ = {
			isa = PBXCopyFilesBuildPhase;
			buildActionMask = 2147483647;
			dstPath = /usr/share/man/man1/;
			dstSubfolderSpec = 0;
			files = (
			);
			runOnlyForDeploymentPostprocessing = 1;
		};
/* End PBXCopyFilesBuildPhase section */

/* Begin PBXFileReference section */
		0820799B22D5A4360055659C /* SDL2_image.framework */ = {isa = PBXFileReference; lastKnownFileType = wrapper.framework; name = SDL2_image.framework; path = ../../../../Library/Frameworks/SDL2_image.framework; sourceTree = "<group>"; };
		083F2D7022D5867700FEC2FF /* conqueror */ = {isa = PBXFileReference; explicitFileType = "compiled.mach-o.executable"; includeInIndex = 0; path = conqueror; sourceTree = BUILT_PRODUCTS_DIR; };
		083F2D7322D5867700FEC2FF /* main.cpp */ = {isa = PBXFileReference; lastKnownFileType = sourcecode.cpp.cpp; path = main.cpp; sourceTree = "<group>"; };
		083F2D7B22D5887000FEC2FF /* SDL2.framework */ = {isa = PBXFileReference; lastKnownFileType = wrapper.framework; name = SDL2.framework; path = ../../../../Library/Frameworks/SDL2.framework; sourceTree = "<group>"; };
		083F2D7D22D588C100FEC2FF /* Cocoa.framework */ = {isa = PBXFileReference; lastKnownFileType = wrapper.framework; name = Cocoa.framework; path = System/Library/Frameworks/Cocoa.framework; sourceTree = SDKROOT; };
		084CC1B122E2F268008E22AC /* OpenSans-Regular.ttf */ = {isa = PBXFileReference; lastKnownFileType = file; name = "OpenSans-Regular.ttf"; path = "../../../Downloads/open-sans/OpenSans-Regular.ttf"; sourceTree = "<group>"; };
		084CC1B322E30E96008E22AC /* sketchy.ttf */ = {isa = PBXFileReference; lastKnownFileType = file; name = sketchy.ttf; path = ../../../Downloads/sketchy.ttf; sourceTree = "<group>"; };
		084CC1B422E3A723008E22AC /* icon.png */ = {isa = PBXFileReference; lastKnownFileType = image.png; path = icon.png; sourceTree = "<group>"; };
		0868B6BA22DEB85B00E1F435 /* mainLogo.png */ = {isa = PBXFileReference; lastKnownFileType = image.png; path = mainLogo.png; sourceTree = "<group>"; };
		0870536622E26140008A28C9 /* swirl_effect.bmp */ = {isa = PBXFileReference; lastKnownFileType = image.bmp; path = swirl_effect.bmp; sourceTree = "<group>"; };
		08DD33D122E4EDF700848F82 /* VeriNiecPica-Regular.ttf */ = {isa = PBXFileReference; lastKnownFileType = file; path = "VeriNiecPica-Regular.ttf"; sourceTree = "<group>"; };
		08DD33D222E4EFCB00848F82 /* OpenSans-Regular.ttf */ = {isa = PBXFileReference; lastKnownFileType = file; path = "OpenSans-Regular.ttf"; sourceTree = "<group>"; };
		08DD33D422E4EFFE00848F82 /* tomhand.ttf */ = {isa = PBXFileReference; lastKnownFileType = file; path = tomhand.ttf; sourceTree = "<group>"; };
		08DD33D522E597DF00848F82 /* Ltimer.h */ = {isa = PBXFileReference; lastKnownFileType = sourcecode.c.h; path = Ltimer.h; sourceTree = "<group>"; };
		08FD952E22E17DAB00F774A3 /* SDL2_ttf.framework */ = {isa = PBXFileReference; lastKnownFileType = wrapper.framework; name = SDL2_ttf.framework; path = ../../../../Library/Frameworks/SDL2_ttf.framework; sourceTree = "<group>"; };
/* End PBXFileReference section */

/* Begin PBXFrameworksBuildPhase section */
		083F2D6D22D5867700FEC2FF /* Frameworks */ = {
			isa = PBXFrameworksBuildPhase;
			buildActionMask = 2147483647;
			files = (
				08FD952F22E17DAB00F774A3 /* SDL2_ttf.framework in Frameworks */,
				0820799C22D5A4360055659C /* SDL2_image.framework in Frameworks */,
				083F2D7F22D588DC00FEC2FF /* SDL2.framework in Frameworks */,
				083F2D7E22D588C100FEC2FF /* Cocoa.framework in Frameworks */,
			);
			runOnlyForDeploymentPostprocessing = 0;
		};
/* End PBXFrameworksBuildPhase section */

/* Begin PBXGroup section */
		08247FA922DD2B1400B6861F /* assets */ = {
			isa = PBXGroup;
			children = (
				08DD33D022E4EDCB00848F82 /* fonts */,
				08247FAA22DD2B2100B6861F /* images */,
			);
			path = assets;
			sourceTree = "<group>";
		};
		08247FAA22DD2B2100B6861F /* images */ = {
			isa = PBXGroup;
			children = (
				084CC1B422E3A723008E22AC /* icon.png */,
				0870536622E26140008A28C9 /* swirl_effect.bmp */,
				0868B6BA22DEB85B00E1F435 /* mainLogo.png */,
			);
			path = images;
			sourceTree = "<group>";
		};
		083F2D6722D5867700FEC2FF = {
			isa = PBXGroup;
			children = (
				083F2D7222D5867700FEC2FF /* conqueror */,
				083F2D7122D5867700FEC2FF /* Products */,
				083F2D7A22D5887000FEC2FF /* Frameworks */,
			);
			sourceTree = "<group>";
		};
		083F2D7122D5867700FEC2FF /* Products */ = {
			isa = PBXGroup;
			children = (
				083F2D7022D5867700FEC2FF /* conqueror */,
			);
			name = Products;
			sourceTree = "<group>";
		};
		083F2D7222D5867700FEC2FF /* conqueror */ = {
			isa = PBXGroup;
			children = (
				084CC1B322E30E96008E22AC /* sketchy.ttf */,
				084CC1B122E2F268008E22AC /* OpenSans-Regular.ttf */,
				08CC2E3D22DEFCF400BC41AD /* headers */,
				0868B6BF22DEF76A00E1F435 /* src */,
				083F2D7322D5867700FEC2FF /* main.cpp */,
			);
			path = conqueror;
			sourceTree = "<group>";
		};
		083F2D7A22D5887000FEC2FF /* Frameworks */ = {
			isa = PBXGroup;
			children = (
				08FD952E22E17DAB00F774A3 /* SDL2_ttf.framework */,
				0820799B22D5A4360055659C /* SDL2_image.framework */,
				083F2D7D22D588C100FEC2FF /* Cocoa.framework */,
				083F2D7B22D5887000FEC2FF /* SDL2.framework */,
			);
			name = Frameworks;
			sourceTree = "<group>";
		};
		0868B6BF22DEF76A00E1F435 /* src */ = {
			isa = PBXGroup;
			children = (
				08247FA922DD2B1400B6861F /* assets */,
			);
			path = src;
			sourceTree = "<group>";
		};
		08CC2E3D22DEFCF400BC41AD /* headers */ = {
			isa = PBXGroup;
			children = (
				08DD33D522E597DF00848F82 /* Ltimer.h */,
			);
			path = headers;
			sourceTree = "<group>";
		};
		08DD33D022E4EDCB00848F82 /* fonts */ = {
			isa = PBXGroup;
			children = (
				08DD33D422E4EFFE00848F82 /* tomhand.ttf */,
				08DD33D222E4EFCB00848F82 /* OpenSans-Regular.ttf */,
				08DD33D122E4EDF700848F82 /* VeriNiecPica-Regular.ttf */,
			);
			path = fonts;
			sourceTree = "<group>";
		};
/* End PBXGroup section */

/* Begin PBXNativeTarget section */
		083F2D6F22D5867700FEC2FF /* conqueror */ = {
			isa = PBXNativeTarget;
			buildConfigurationList = 083F2D7722D5867700FEC2FF /* Build configuration list for PBXNativeTarget "conqueror" */;
			buildPhases = (
				083F2D6C22D5867700FEC2FF /* Sources */,
				083F2D6D22D5867700FEC2FF /* Frameworks */,
				083F2D6E22D5867700FEC2FF /* CopyFiles */,
			);
			buildRules = (
			);
			dependencies = (
			);
			name = conqueror;
			productName = conqueror;
			productReference = 083F2D7022D5867700FEC2FF /* conqueror */;
			productType = "com.apple.product-type.tool";
		};
/* End PBXNativeTarget section */

/* Begin PBXProject section */
		083F2D6822D5867700FEC2FF /* Project object */ = {
			isa = PBXProject;
			attributes = {
				LastUpgradeCheck = 1020;
				ORGANIZATIONNAME = "Deric Kwok";
				TargetAttributes = {
					083F2D6F22D5867700FEC2FF = {
						CreatedOnToolsVersion = 10.2.1;
					};
				};
			};
			buildConfigurationList = 083F2D6B22D5867700FEC2FF /* Build configuration list for PBXProject "conqueror" */;
			compatibilityVersion = "Xcode 9.3";
			developmentRegion = en;
			hasScannedForEncodings = 0;
			knownRegions = (
				en,
			);
			mainGroup = 083F2D6722D5867700FEC2FF;
			productRefGroup = 083F2D7122D5867700FEC2FF /* Products */;
			projectDirPath = "";
			projectRoot = "";
			targets = (
				083F2D6F22D5867700FEC2FF /* conqueror */,
			);
		};
/* End PBXProject section */

/* Begin PBXSourcesBuildPhase section */
		083F2D6C22D5867700FEC2FF /* Sources */ = {
			isa = PBXSourcesBuildPhase;
			buildActionMask = 2147483647;
			files = (
				083F2D7422D5867700FEC2FF /* main.cpp in Sources */,
			);
			runOnlyForDeploymentPostprocessing = 0;
		};
/* End PBXSourcesBuildPhase section */

/* Begin XCBuildConfiguration section */
		083F2D7522D5867700FEC2FF /* Debug */ = {
			isa = XCBuildConfiguration;
			buildSettings = {
				ALWAYS_SEARCH_USER_PATHS = NO;
				CLANG_ANALYZER_NONNULL = YES;
				CLANG_ANALYZER_NUMBER_OBJECT_CONVERSION = YES_AGGRESSIVE;
				CLANG_CXX_LANGUAGE_STANDARD = "gnu++14";
				CLANG_CXX_LIBRARY = "libc++";
				CLANG_ENABLE_MODULES = YES;
				CLANG_ENABLE_OBJC_ARC = YES;
				CLANG_ENABLE_OBJC_WEAK = YES;
				CLANG_WARN_BLOCK_CAPTURE_AUTORELEASING = YES;
				CLANG_WARN_BOOL_CONVERSION = YES;
				CLANG_WARN_COMMA = YES;
				CLANG_WARN_CONSTANT_CONVERSION = YES;
				CLANG_WARN_DEPRECATED_OBJC_IMPLEMENTATIONS = YES;
				CLANG_WARN_DIRECT_OBJC_ISA_USAGE = YES_ERROR;
				CLANG_WARN_DOCUMENTATION_COMMENTS = YES;
				CLANG_WARN_EMPTY_BODY = YES;
				CLANG_WARN_ENUM_CONVERSION = YES;
				CLANG_WARN_INFINITE_RECURSION = YES;
				CLANG_WARN_INT_CONVERSION = YES;
				CLANG_WARN_NON_LITERAL_NULL_CONVERSION = YES;
				CLANG_WARN_OBJC_IMPLICIT_RETAIN_SELF = YES;
				CLANG_WARN_OBJC_LITERAL_CONVERSION = YES;
				CLANG_WARN_OBJC_ROOT_CLASS = YES_ERROR;
				CLANG_WARN_RANGE_LOOP_ANALYSIS = YES;
				CLANG_WARN_STRICT_PROTOTYPES = YES;
				CLANG_WARN_SUSPICIOUS_MOVE = YES;
				CLANG_WARN_UNGUARDED_AVAILABILITY = YES_AGGRESSIVE;
				CLANG_WARN_UNREACHABLE_CODE = YES;
				CLANG_WARN__DUPLICATE_METHOD_MATCH = YES;
				CODE_SIGN_IDENTITY = "-";
				COPY_PHASE_STRIP = NO;
				DEBUG_INFORMATION_FORMAT = dwarf;
				ENABLE_STRICT_OBJC_MSGSEND = YES;
				ENABLE_TESTABILITY = YES;
				GCC_C_LANGUAGE_STANDARD = gnu11;
				GCC_DYNAMIC_NO_PIC = NO;
				GCC_NO_COMMON_BLOCKS = YES;
				GCC_OPTIMIZATION_LEVEL = 0;
				GCC_PREPROCESSOR_DEFINITIONS = (
					"DEBUG=1",
					"$(inherited)",
				);
				GCC_WARN_64_TO_32_BIT_CONVERSION = YES;
				GCC_WARN_ABOUT_RETURN_TYPE = YES_ERROR;
				GCC_WARN_UNDECLARED_SELECTOR = YES;
				GCC_WARN_UNINITIALIZED_AUTOS = YES_AGGRESSIVE;
				GCC_WARN_UNUSED_FUNCTION = YES;
				GCC_WARN_UNUSED_VARIABLE = YES;
				MACOSX_DEPLOYMENT_TARGET = 10.15;
				MTL_ENABLE_DEBUG_INFO = INCLUDE_SOURCE;
				MTL_FAST_MATH = YES;
				ONLY_ACTIVE_ARCH = YES;
				SDKROOT = macosx;
			};
			name = Debug;
		};
		083F2D7622D5867700FEC2FF /* Release */ = {
			isa = XCBuildConfiguration;
			buildSettings = {
				ALWAYS_SEARCH_USER_PATHS = NO;
				CLANG_ANALYZER_NONNULL = YES;
				CLANG_ANALYZER_NUMBER_OBJECT_CONVERSION = YES_AGGRESSIVE;
				CLANG_CXX_LANGUAGE_STANDARD = "gnu++14";
				CLANG_CXX_LIBRARY = "libc++";
				CLANG_ENABLE_MODULES = YES;
				CLANG_ENABLE_OBJC_ARC = YES;
				CLANG_ENABLE_OBJC_WEAK = YES;
				CLANG_WARN_BLOCK_CAPTURE_AUTORELEASING = YES;
				CLANG_WARN_BOOL_CONVERSION = YES;
				CLANG_WARN_COMMA = YES;
				CLANG_WARN_CONSTANT_CONVERSION = YES;
				CLANG_WARN_DEPRECATED_OBJC_IMPLEMENTATIONS = YES;
				CLANG_WARN_DIRECT_OBJC_ISA_USAGE = YES_ERROR;
				CLANG_WARN_DOCUMENTATION_COMMENTS = YES;
				CLANG_WARN_EMPTY_BODY = YES;
				CLANG_WARN_ENUM_CONVERSION = YES;
				CLANG_WARN_INFINITE_RECURSION = YES;
				CLANG_WARN_INT_CONVERSION = YES;
				CLANG_WARN_NON_LITERAL_NULL_CONVERSION = YES;
				CLANG_WARN_OBJC_IMPLICIT_RETAIN_SELF = YES;
				CLANG_WARN_OBJC_LITERAL_CONVERSION = YES;
				CLANG_WARN_OBJC_ROOT_CLASS = YES_ERROR;
				CLANG_WARN_RANGE_LOOP_ANALYSIS = YES;
				CLANG_WARN_STRICT_PROTOTYPES = YES;
				CLANG_WARN_SUSPICIOUS_MOVE = YES;
				CLANG_WARN_UNGUARDED_AVAILABILITY = YES_AGGRESSIVE;
				CLANG_WARN_UNREACHABLE_CODE = YES;
				CLANG_WARN__DUPLICATE_METHOD_MATCH = YES;
				CODE_SIGN_IDENTITY = "-";
				COPY_PHASE_STRIP = NO;
				DEBUG_INFORMATION_FORMAT = "dwarf-with-dsym";
				ENABLE_NS_ASSERTIONS = NO;
				ENABLE_STRICT_OBJC_MSGSEND = YES;
				GCC_C_LANGUAGE_STANDARD = gnu11;
				GCC_NO_COMMON_BLOCKS = YES;
				GCC_WARN_64_TO_32_BIT_CONVERSION = YES;
				GCC_WARN_ABOUT_RETURN_TYPE = YES_ERROR;
				GCC_WARN_UNDECLARED_SELECTOR = YES;
				GCC_WARN_UNINITIALIZED_AUTOS = YES_AGGRESSIVE;
				GCC_WARN_UNUSED_FUNCTION = YES;
				GCC_WARN_UNUSED_VARIABLE = YES;
				MACOSX_DEPLOYMENT_TARGET = 10.15;
				MTL_ENABLE_DEBUG_INFO = NO;
				MTL_FAST_MATH = YES;
				SDKROOT = macosx;
			};
			name = Release;
		};
		083F2D7822D5867700FEC2FF /* Debug */ = {
			isa = XCBuildConfiguration;
			buildSettings = {
				CODE_SIGN_STYLE = Automatic;
				FRAMEWORK_SEARCH_PATHS = (
					"$(inherited)",
					"$(LOCAL_LIBRARY_DIR)/Frameworks",
				);
				PRODUCT_NAME = "$(TARGET_NAME)";
			};
			name = Debug;
		};
		083F2D7922D5867700FEC2FF /* Release */ = {
			isa = XCBuildConfiguration;
			buildSettings = {
				CODE_SIGN_STYLE = Automatic;
				FRAMEWORK_SEARCH_PATHS = (
					"$(inherited)",
					"$(LOCAL_LIBRARY_DIR)/Frameworks",
				);
				PRODUCT_NAME = "$(TARGET_NAME)";
			};
			name = Release;
		};
/* End XCBuildConfiguration section */

/* Begin XCConfigurationList section */
		083F2D6B22D5867700FEC2FF /* Build configuration list for PBXProject "conqueror" */ = {
			isa = XCConfigurationList;
			buildConfigurations = (
				083F2D7522D5867700FEC2FF /* Debug */,
				083F2D7622D5867700FEC2FF /* Release */,
			);
			defaultConfigurationIsVisible = 0;
			defaultConfigurationName = Release;
		};
		083F2D7722D5867700FEC2FF /* Build configuration list for PBXNativeTarget "conqueror" */ = {
			isa = XCConfigurationList;
			buildConfigurations = (
				083F2D7822D5867700FEC2FF /* Debug */,
				083F2D7922D5867700FEC2FF /* Release */,
			);
			defaultConfigurationIsVisible = 0;
			defaultConfigurationName = Release;
		};
/* End XCConfigurationList section */
	};
	rootObject = 083F2D6822D5867700FEC2FF /* Project object */;
}
